
Microsoft Visual Studio Solution File, Format Version 12.00
# Visual Studio Version 17
VisualStudioVersion = 17.12.35527.113
MinimumVisualStudioVersion = 10.0.40219.1
Project("{FAE04EC0-301F-11D3-BF4B-00C04F79EFBC}") = "Vendas.API", "src\Vendas.API\Vendas.API.csproj", "{8105F8A9-457D-4233-BA18-C9A8A2F20808}"
EndProject
Project("{FAE04EC0-301F-11D3-BF4B-00C04F79EFBC}") = "Vendas.Core", "src\Vendas.Core\Vendas.Core.csproj", "{3846B0A5-C5A7-4170-8049-A1A8318EC836}"
EndProject
Project("{FAE04EC0-301F-11D3-BF4B-00C04F79EFBC}") = "Vendas.Application", "src\Vendas.Application\Vendas.Application.csproj", "{ADF2CF79-DAAD-42B0-844C-44EAFFB0BA4F}"
EndProject
Project("{FAE04EC0-301F-11D3-BF4B-00C04F79EFBC}") = "Vendas.Infra", "src\Vendas.Infra\Vendas.Infra.csproj", "{4FCFAE61-CCE2-4DEB-BFD5-B60260CE5099}"
EndProject
Project("{FAE04EC0-301F-11D3-BF4B-00C04F79EFBC}") = "WorkerServiceFaturamento", "src\WorkerServiceFaturamento\WorkerServiceFaturamento.csproj", "{2816EB3E-F5BA-44C8-B671-613E08AFA5F0}"
EndProject
Project("{FAE04EC0-301F-11D3-BF4B-00C04F79EFBC}") = "Vendas.UnitTests", "src\Vendas.UnitTests\Vendas.UnitTests.csproj", "{E0A721CE-22E2-4EC1-BC17-14B5ED6E8527}"
EndProject
Project("{FAE04EC0-301F-11D3-BF4B-00C04F79EFBC}") = "Authentication.API", "src\Authentication.API\Authentication.API.csproj", "{B7E58303-558C-4DD5-BDBC-ACB804C33F31}"
EndProject
Global
	GlobalSection(SolutionConfigurationPlatforms) = preSolution
		Debug|Any CPU = Debug|Any CPU
		Release|Any CPU = Release|Any CPU
	EndGlobalSection
	GlobalSection(ProjectConfigurationPlatforms) = postSolution
		{8105F8A9-457D-4233-BA18-C9A8A2F20808}.Debug|Any CPU.ActiveCfg = Debug|Any CPU
		{8105F8A9-457D-4233-BA18-C9A8A2F20808}.Debug|Any CPU.Build.0 = Debug|Any CPU
		{8105F8A9-457D-4233-BA18-C9A8A2F20808}.Release|Any CPU.ActiveCfg = Release|Any CPU
		{8105F8A9-457D-4233-BA18-C9A8A2F20808}.Release|Any CPU.Build.0 = Release|Any CPU
		{3846B0A5-C5A7-4170-8049-A1A8318EC836}.Debug|Any CPU.ActiveCfg = Debug|Any CPU
		{3846B0A5-C5A7-4170-8049-A1A8318EC836}.Debug|Any CPU.Build.0 = Debug|Any CPU
		{3846B0A5-C5A7-4170-8049-A1A8318EC836}.Release|Any CPU.ActiveCfg = Release|Any CPU
		{3846B0A5-C5A7-4170-8049-A1A8318EC836}.Release|Any CPU.Build.0 = Release|Any CPU
		{ADF2CF79-DAAD-42B0-844C-44EAFFB0BA4F}.Debug|Any CPU.ActiveCfg = Debug|Any CPU
		{ADF2CF79-DAAD-42B0-844C-44EAFFB0BA4F}.Debug|Any CPU.Build.0 = Debug|Any CPU
		{ADF2CF79-DAAD-42B0-844C-44EAFFB0BA4F}.Release|Any CPU.ActiveCfg = Release|Any CPU
		{ADF2CF79-DAAD-42B0-844C-44EAFFB0BA4F}.Release|Any CPU.Build.0 = Release|Any CPU
		{4FCFAE61-CCE2-4DEB-BFD5-B60260CE5099}.Debug|Any CPU.ActiveCfg = Debug|Any CPU
		{4FCFAE61-CCE2-4DEB-BFD5-B60260CE5099}.Debug|Any CPU.Build.0 = Debug|Any CPU
		{4FCFAE61-CCE2-4DEB-BFD5-B60260CE5099}.Release|Any CPU.ActiveCfg = Release|Any CPU
		{4FCFAE61-CCE2-4DEB-BFD5-B60260CE5099}.Release|Any CPU.Build.0 = Release|Any CPU
		{2816EB3E-F5BA-44C8-B671-613E08AFA5F0}.Debug|Any CPU.ActiveCfg = Debug|Any CPU
		{2816EB3E-F5BA-44C8-B671-613E08AFA5F0}.Debug|Any CPU.Build.0 = Debug|Any CPU
		{2816EB3E-F5BA-44C8-B671-613E08AFA5F0}.Release|Any CPU.ActiveCfg = Release|Any CPU
		{2816EB3E-F5BA-44C8-B671-613E08AFA5F0}.Release|Any CPU.Build.0 = Release|Any CPU
		{E0A721CE-22E2-4EC1-BC17-14B5ED6E8527}.Debug|Any CPU.ActiveCfg = Debug|Any CPU
		{E0A721CE-22E2-4EC1-BC17-14B5ED6E8527}.Debug|Any CPU.Build.0 = Debug|Any CPU
		{E0A721CE-22E2-4EC1-BC17-14B5ED6E8527}.Release|Any CPU.ActiveCfg = Release|Any CPU
		{E0A721CE-22E2-4EC1-BC17-14B5ED6E8527}.Release|Any CPU.Build.0 = Release|Any CPU
		{B7E58303-558C-4DD5-BDBC-ACB804C33F31}.Debug|Any CPU.ActiveCfg = Debug|Any CPU
		{B7E58303-558C-4DD5-BDBC-ACB804C33F31}.Debug|Any CPU.Build.0 = Debug|Any CPU
		{B7E58303-558C-4DD5-BDBC-ACB804C33F31}.Release|Any CPU.ActiveCfg = Release|Any CPU
		{B7E58303-558C-4DD5-BDBC-ACB804C33F31}.Release|Any CPU.Build.0 = Release|Any CPU
	EndGlobalSection
	GlobalSection(SolutionProperties) = preSolution
		HideSolutionNode = FALSE
	EndGlobalSection
EndGlobal
